// !$*UTF8*$!
{
	archiveVersion = 1;
	classes = {
	};
	objectVersion = 77;
	objects = {

/* Begin PBXContainerItemProxy section */
		1BD64C422E29FCC10065F7F9 /* PBXContainerItemProxy */ = {
			isa = PBXContainerItemProxy;
			containerPortal = 1BD64C232E29FCC10065F7F9 /* Project object */;
			proxyType = 1;
			remoteGlobalIDString = 1BD64C2A2E29FCC10065F7F9;
			remoteInfo = Segue_and_navigation;
		};
		1BD64C4C2E29FCC10065F7F9 /* PBXContainerItemProxy */ = {
			isa = PBXContainerItemProxy;
			containerPortal = 1BD64C232E29FCC10065F7F9 /* Project object */;
			proxyType = 1;
			remoteGlobalIDString = 1BD64C2A2E29FCC10065F7F9;
			remoteInfo = Segue_and_navigation;
		};
/* End PBXContainerItemProxy section */

/* Begin PBXFileReference section */
		1BD64C2B2E29FCC10065F7F9 /* Segue_and_navigation.app */ = {isa = PBXFileReference; explicitFileType = wrapper.application; includeInIndex = 0; path = Segue_and_navigation.app; sourceTree = BUILT_PRODUCTS_DIR; };
		1BD64C412E29FCC10065F7F9 /* Segue_and_navigationTests.xctest */ = {isa = PBXFileReference; explicitFileType = wrapper.cfbundle; includeInIndex = 0; path = Segue_and_navigationTests.xctest; sourceTree = BUILT_PRODUCTS_DIR; };
		1BD64C4B2E29FCC10065F7F9 /* Segue_and_navigationUITests.xctest */ = {isa = PBXFileReference; explicitFileType = wrapper.cfbundle; includeInIndex = 0; path = Segue_and_navigationUITests.xctest; sourceTree = BUILT_PRODUCTS_DIR; };
/* End PBXFileReference section */

/* Begin PBXFileSystemSynchronizedBuildFileExceptionSet section */
		1BD64C532E29FCC10065F7F9 /* Exceptions for "Segue_and_navigation" folder in "Segue_and_navigation" target */ = {
			isa = PBXFileSystemSynchronizedBuildFileExceptionSet;
			membershipExceptions = (
				Info.plist,
			);
			target = 1BD64C2A2E29FCC10065F7F9 /* Segue_and_navigation */;
		};
/* End PBXFileSystemSynchronizedBuildFileExceptionSet section */

/* Begin PBXFileSystemSynchronizedRootGroup section */
		1BD64C2D2E29FCC10065F7F9 /* Segue_and_navigation */ = {
			isa = PBXFileSystemSynchronizedRootGroup;
			exceptions = (
				1BD64C532E29FCC10065F7F9 /* Exceptions for "Segue_and_navigation" folder in "Segue_and_navigation" target */,
			);
			path = Segue_and_navigation;
			sourceTree = "<group>";
		};
		1BD64C442E29FCC10065F7F9 /* Segue_and_navigationTests */ = {
			isa = PBXFileSystemSynchronizedRootGroup;
			path = Segue_and_navigationTests;
			sourceTree = "<group>";
		};
		1BD64C4E2E29FCC10065F7F9 /* Segue_and_navigationUITests */ = {
			isa = PBXFileSystemSynchronizedRootGroup;
			path = Segue_and_navigationUITests;
			sourceTree = "<group>";
		};
/* End PBXFileSystemSynchronizedRootGroup section */

/* Begin PBXFrameworksBuildPhase section */
		1BD64C282E29FCC10065F7F9 /* Frameworks */ = {
			isa = PBXFrameworksBuildPhase;
			buildActionMask = 2147483647;
			files = (
			);
			runOnlyForDeploymentPostprocessing = 0;
		};
		1BD64C3E2E29FCC10065F7F9 /* Frameworks */ = {
			isa = PBXFrameworksBuildPhase;
			buildActionMask = 2147483647;
			files = (
			);
			runOnlyForDeploymentPostprocessing = 0;
		};
		1BD64C482E29FCC10065F7F9 /* Frameworks */ = {
			isa = PBXFrameworksBuildPhase;
			buildActionMask = 2147483647;
			files = (
			);
			runOnlyForDeploymentPostprocessing = 0;
		};
/* End PBXFrameworksBuildPhase section */

/* Begin PBXGroup section */
		1BD64C222E29FCC10065F7F9 = {
			isa = PBXGroup;
			children = (
				1BD64C2D2E29FCC10065F7F9 /* Segue_and_navigation */,
				1BD64C442E29FCC10065F7F9 /* Segue_and_navigationTests */,
				1BD64C4E2E29FCC10065F7F9 /* Segue_and_navigationUITests */,
				1BD64C2C2E29FCC10065F7F9 /* Products */,
			);
			sourceTree = "<group>";
		};
		1BD64C2C2E29FCC10065F7F9 /* Products */ = {
			isa = PBXGroup;
			children = (
				1BD64C2B2E29FCC10065F7F9 /* Segue_and_navigation.app */,
				1BD64C412E29FCC10065F7F9 /* Segue_and_navigationTests.xctest */,
				1BD64C4B2E29FCC10065F7F9 /* Segue_and_navigationUITests.xctest */,
			);
			name = Products;
			sourceTree = "<group>";
		};
/* End PBXGroup section */

/* Begin PBXNativeTarget section */
		1BD64C2A2E29FCC10065F7F9 /* Segue_and_navigation */ = {
			isa = PBXNativeTarget;
			buildConfigurationList = 1BD64C542E29FCC10065F7F9 /* Build configuration list for PBXNativeTarget "Segue_and_navigation" */;
			buildPhases = (
				1BD64C272E29FCC10065F7F9 /* Sources */,
				1BD64C282E29FCC10065F7F9 /* Frameworks */,
				1BD64C292E29FCC10065F7F9 /* Resources */,
			);
			buildRules = (
			);
			dependencies = (
			);
			fileSystemSynchronizedGroups = (
				1BD64C2D2E29FCC10065F7F9 /* Segue_and_navigation */,
			);
			name = Segue_and_navigation;
			packageProductDependencies = (
			);
			productName = Segue_and_navigation;
			productReference = 1BD64C2B2E29FCC10065F7F9 /* Segue_and_navigation.app */;
			productType = "com.apple.product-type.application";
		};
		1BD64C402E29FCC10065F7F9 /* Segue_and_navigationTests */ = {
			isa = PBXNativeTarget;
			buildConfigurationList = 1BD64C592E29FCC10065F7F9 /* Build configuration list for PBXNativeTarget "Segue_and_navigationTests" */;
			buildPhases = (
				1BD64C3D2E29FCC10065F7F9 /* Sources */,
				1BD64C3E2E29FCC10065F7F9 /* Frameworks */,
				1BD64C3F2E29FCC10065F7F9 /* Resources */,
			);
			buildRules = (
			);
			dependencies = (
				1BD64C432E29FCC10065F7F9 /* PBXTargetDependency */,
			);
			fileSystemSynchronizedGroups = (
				1BD64C442E29FCC10065F7F9 /* Segue_and_navigationTests */,
			);
			name = Segue_and_navigationTests;
			packageProductDependencies = (
			);
			productName = Segue_and_navigationTests;
			productReference = 1BD64C412E29FCC10065F7F9 /* Segue_and_navigationTests.xctest */;
			productType = "com.apple.product-type.bundle.unit-test";
		};
		1BD64C4A2E29FCC10065F7F9 /* Segue_and_navigationUITests */ = {
			isa = PBXNativeTarget;
			buildConfigurationList = 1BD64C5C2E29FCC10065F7F9 /* Build configuration list for PBXNativeTarget "Segue_and_navigationUITests" */;
			buildPhases = (
				1BD64C472E29FCC10065F7F9 /* Sources */,
				1BD64C482E29FCC10065F7F9 /* Frameworks */,
				1BD64C492E29FCC10065F7F9 /* Resources */,
			);
			buildRules = (
			);
			dependencies = (
				1BD64C4D2E29FCC10065F7F9 /* PBXTargetDependency */,
			);
			fileSystemSynchronizedGroups = (
				1BD64C4E2E29FCC10065F7F9 /* Segue_and_navigationUITests */,
			);
			name = Segue_and_navigationUITests;
			packageProductDependencies = (
			);
			productName = Segue_and_navigationUITests;
			productReference = 1BD64C4B2E29FCC10065F7F9 /* Segue_and_navigationUITests.xctest */;
			productType = "com.apple.product-type.bundle.ui-testing";
		};
/* End PBXNativeTarget section */

/* Begin PBXProject section */
		1BD64C232E29FCC10065F7F9 /* Project object */ = {
			isa = PBXProject;
			attributes = {
				BuildIndependentTargetsInParallel = 1;
				LastSwiftUpdateCheck = 1640;
				LastUpgradeCheck = 1640;
				TargetAttributes = {
					1BD64C2A2E29FCC10065F7F9 = {
						CreatedOnToolsVersion = 16.4;
					};
					1BD64C402E29FCC10065F7F9 = {
						CreatedOnToolsVersion = 16.4;
						TestTargetID = 1BD64C2A2E29FCC10065F7F9;
					};
					1BD64C4A2E29FCC10065F7F9 = {
						CreatedOnToolsVersion = 16.4;
						TestTargetID = 1BD64C2A2E29FCC10065F7F9;
					};
				};
			};
			buildConfigurationList = 1BD64C262E29FCC10065F7F9 /* Build configuration list for PBXProject "Segue_and_navigation" */;
			developmentRegion = en;
			hasScannedForEncodings = 0;
			knownRegions = (
				en,
				Base,
			);
			mainGroup = 1BD64C222E29FCC10065F7F9;
			minimizedProjectReferenceProxies = 1;
			preferredProjectObjectVersion = 77;
			productRefGroup = 1BD64C2C2E29FCC10065F7F9 /* Products */;
			projectDirPath = "";
			projectRoot = "";
			targets = (
				1BD64C2A2E29FCC10065F7F9 /* Segue_and_navigation */,
				1BD64C402E29FCC10065F7F9 /* Segue_and_navigationTests */,
				1BD64C4A2E29FCC10065F7F9 /* Segue_and_navigationUITests */,
			);
		};
/* End PBXProject section */

/* Begin PBXResourcesBuildPhase section */
		1BD64C292E29FCC10065F7F9 /* Resources */ = {
			isa = PBXResourcesBuildPhase;
			buildActionMask = 2147483647;
			files = (
			);
			runOnlyForDeploymentPostprocessing = 0;
		};
		1BD64C3F2E29FCC10065F7F9 /* Resources */ = {
			isa = PBXResourcesBuildPhase;
			buildActionMask = 2147483647;
			files = (
			);
			runOnlyForDeploymentPostprocessing = 0;
		};
		1BD64C492E29FCC10065F7F9 /* Resources */ = {
			isa = PBXResourcesBuildPhase;
			buildActionMask = 2147483647;
			files = (
			);
			runOnlyForDeploymentPostprocessing = 0;
		};
/* End PBXResourcesBuildPhase section */

/* Begin PBXSourcesBuildPhase section */
		1BD64C272E29FCC10065F7F9 /* Sources */ = {
			isa = PBXSourcesBuildPhase;
			buildActionMask = 2147483647;
			files = (
			);
			runOnlyForDeploymentPostprocessing = 0;
		};
		1BD64C3D2E29FCC10065F7F9 /* Sources */ = {
			isa = PBXSourcesBuildPhase;
			buildActionMask = 2147483647;
			files = (
			);
			runOnlyForDeploymentPostprocessing = 0;
		};
		1BD64C472E29FCC10065F7F9 /* Sources */ = {
			isa = PBXSourcesBuildPhase;
			buildActionMask = 2147483647;
			files = (
			);
			runOnlyForDeploymentPostprocessing = 0;
		};
/* End PBXSourcesBuildPhase section */

/* Begin PBXTargetDependency section */
		1BD64C432E29FCC10065F7F9 /* PBXTargetDependency */ = {
			isa = PBXTargetDependency;
			target = 1BD64C2A2E29FCC10065F7F9 /* Segue_and_navigation */;
			targetProxy = 1BD64C422E29FCC10065F7F9 /* PBXContainerItemProxy */;
		};
		1BD64C4D2E29FCC10065F7F9 /* PBXTargetDependency */ = {
			isa = PBXTargetDependency;
			target = 1BD64C2A2E29FCC10065F7F9 /* Segue_and_navigation */;
			targetProxy = 1BD64C4C2E29FCC10065F7F9 /* PBXContainerItemProxy */;
		};
/* End PBXTargetDependency section */

/* Begin XCBuildConfiguration section */
		1BD64C552E29FCC10065F7F9 /* Debug */ = {
			isa = XCBuildConfiguration;
			buildSettings = {
				ASSETCATALOG_COMPILER_APPICON_NAME = AppIcon;
				ASSETCATALOG_COMPILER_GLOBAL_ACCENT_COLOR_NAME = AccentColor;
				CODE_SIGN_STYLE = Automatic;
				CURRENT_PROJECT_VERSION = 1;
				DEVELOPMENT_TEAM = X36HGBF94G;
				GENERATE_INFOPLIST_FILE = YES;
				INFOPLIST_FILE = Segue_and_navigation/Info.plist;
				INFOPLIST_KEY_UIApplicationSupportsIndirectInputEvents = YES;
				INFOPLIST_KEY_UILaunchStoryboardName = LaunchScreen;
				INFOPLIST_KEY_UIMainStoryboardFile = Main;
				INFOPLIST_KEY_UISupportedInterfaceOrientations_iPad = "UIInterfaceOrientationPortrait UIInterfaceOrientationPortraitUpsideDown UIInterfaceOrientationLandscapeLeft UIInterfaceOrientationLandscapeRight";
				INFOPLIST_KEY_UISupportedInterfaceOrientations_iPhone = "UIInterfaceOrientationPortrait UIInterfaceOrientationLandscapeLeft UIInterfaceOrientationLandscapeRight";
				LD_RUNPATH_SEARCH_PATHS = (
					"$(inherited)",
					"@executable_path/Frameworks",
				);
				MARKETING_VERSION = 1.0;
				PRODUCT_BUNDLE_IDENTIFIER = idk.com;
				PRODUCT_NAME = "$(TARGET_NAME)";
				SWIFT_EMIT_LOC_STRINGS = YES;
				SWIFT_VERSION = 5.0;
				TARGETED_DEVICE_FAMILY = "1,2";
			};
			name = Debug;
		};
		1BD64C562E29FCC10065F7F9 /* Release */ = {
			isa = XCBuildConfiguration;
			buildSettings = {
				ASSETCATALOG_COMPILER_APPICON_NAME = AppIcon;
				ASSETCATALOG_COMPILER_GLOBAL_ACCENT_COLOR_NAME = AccentColor;
				CODE_SIGN_STYLE = Automatic;
				CURRENT_PROJECT_VERSION = 1;
				DEVELOPMENT_TEAM = X36HGBF94G;
				GENERATE_INFOPLIST_FILE = YES;
				INFOPLIST_FILE = Segue_and_navigation/Info.plist;
				INFOPLIST_KEY_UIApplicationSupportsIndirectInputEvents = YES;
				INFOPLIST_KEY_UILaunchStoryboardName = LaunchScreen;
				INFOPLIST_KEY_UIMainStoryboardFile = Main;
				INFOPLIST_KEY_UISupportedInterfaceOrientations_iPad = "UIInterfaceOrientationPortrait UIInterfaceOrientationPortraitUpsideDown UIInterfaceOrientationLandscapeLeft UIInterfaceOrientationLandscapeRight";
				INFOPLIST_KEY_UISupportedInterfaceOrientations_iPhone = "UIInterfaceOrientationPortrait UIInterfaceOrientationLandscapeLeft UIInterfaceOrientationLandscapeRight";
				LD_RUNPATH_SEARCH_PATHS = (
					"$(inherited)",
					"@executable_path/Frameworks",
				);
				MARKETING_VERSION = 1.0;
				PRODUCT_BUNDLE_IDENTIFIER = idk.com;
				PRODUCT_NAME = "$(TARGET_NAME)";
				SWIFT_EMIT_LOC_STRINGS = YES;
				SWIFT_VERSION = 5.0;
				TARGETED_DEVICE_FAMILY = "1,2";
			};
			name = Release;
		};
		1BD64C572E29FCC10065F7F9 /* Debug */ = {
			isa = XCBuildConfiguration;
			buildSettings = {
				ALWAYS_SEARCH_USER_PATHS = NO;
				ASSETCATALOG_COMPILER_GENERATE_SWIFT_ASSET_SYMBOL_EXTENSIONS = YES;
				CLANG_ANALYZER_NONNULL = YES;
				CLANG_ANALYZER_NUMBER_OBJECT_CONVERSION = YES_AGGRESSIVE;
				CLANG_CXX_LANGUAGE_STANDARD = "gnu++20";
				CLANG_ENABLE_MODULES = YES;
				CLANG_ENABLE_OBJC_ARC = YES;
				CLANG_ENABLE_OBJC_WEAK = YES;
				CLANG_WARN_BLOCK_CAPTURE_AUTORELEASING = YES;
				CLANG_WARN_BOOL_CONVERSION = YES;
				CLANG_WARN_COMMA = YES;
				CLANG_WARN_CONSTANT_CONVERSION = YES;
				CLANG_WARN_DEPRECATED_OBJC_IMPLEMENTATIONS = YES;
				CLANG_WARN_DIRECT_OBJC_ISA_USAGE = YES_ERROR;
				CLANG_WARN_DOCUMENTATION_COMMENTS = YES;
				CLANG_WARN_EMPTY_BODY = YES;
				CLANG_WARN_ENUM_CONVERSION = YES;
				CLANG_WARN_INFINITE_RECURSION = YES;
				CLANG_WARN_INT_CONVERSION = YES;
				CLANG_WARN_NON_LITERAL_NULL_CONVERSION = YES;
				CLANG_WARN_OBJC_IMPLICIT_RETAIN_SELF = YES;
				CLANG_WARN_OBJC_LITERAL_CONVERSION = YES;
				CLANG_WARN_OBJC_ROOT_CLASS = YES_ERROR;
				CLANG_WARN_QUOTED_INCLUDE_IN_FRAMEWORK_HEADER = YES;
				CLANG_WARN_RANGE_LOOP_ANALYSIS = YES;
				CLANG_WARN_STRICT_PROTOTYPES = YES;
				CLANG_WARN_SUSPICIOUS_MOVE = YES;
				CLANG_WARN_UNGUARDED_AVAILABILITY = YES_AGGRESSIVE;
				CLANG_WARN_UNREACHABLE_CODE = YES;
				CLANG_WARN__DUPLICATE_METHOD_MATCH = YES;
				COPY_PHASE_STRIP = NO;
				DEBUG_INFORMATION_FORMAT = dwarf;
				DEVELOPMENT_TEAM = X36HGBF94G;
				ENABLE_STRICT_OBJC_MSGSEND = YES;
				ENABLE_TESTABILITY = YES;
				ENABLE_USER_SCRIPT_SANDBOXING = YES;
				GCC_C_LANGUAGE_STANDARD = gnu17;
				GCC_DYNAMIC_NO_PIC = NO;
				GCC_NO_COMMON_BLOCKS = YES;
				GCC_OPTIMIZATION_LEVEL = 0;
				GCC_PREPROCESSOR_DEFINITIONS = (
					"DEBUG=1",
					"$(inherited)",
				);
				GCC_WARN_64_TO_32_BIT_CONVERSION = YES;
				GCC_WARN_ABOUT_RETURN_TYPE = YES_ERROR;
				GCC_WARN_UNDECLARED_SELECTOR = YES;
				GCC_WARN_UNINITIALIZED_AUTOS = YES_AGGRESSIVE;
				GCC_WARN_UNUSED_FUNCTION = YES;
				GCC_WARN_UNUSED_VARIABLE = YES;
				IPHONEOS_DEPLOYMENT_TARGET = 18.5;
				LOCALIZATION_PREFERS_STRING_CATALOGS = YES;
				MTL_ENABLE_DEBUG_INFO = INCLUDE_SOURCE;
				MTL_FAST_MATH = YES;
				ONLY_ACTIVE_ARCH = YES;
				SDKROOT = iphoneos;
				SWIFT_ACTIVE_COMPILATION_CONDITIONS = "DEBUG $(inherited)";
				SWIFT_OPTIMIZATION_LEVEL = "-Onone";
			};
			name = Debug;
		};
		1BD64C582E29FCC10065F7F9 /* Release */ = {
			isa = XCBuildConfiguration;
			buildSettings = {
				ALWAYS_SEARCH_USER_PATHS = NO;
				ASSETCATALOG_COMPILER_GENERATE_SWIFT_ASSET_SYMBOL_EXTENSIONS = YES;
				CLANG_ANALYZER_NONNULL = YES;
				CLANG_ANALYZER_NUMBER_OBJECT_CONVERSION = YES_AGGRESSIVE;
				CLANG_CXX_LANGUAGE_STANDARD = "gnu++20";
				CLANG_ENABLE_MODULES = YES;
				CLANG_ENABLE_OBJC_ARC = YES;
				CLANG_ENABLE_OBJC_WEAK = YES;
				CLANG_WARN_BLOCK_CAPTURE_AUTORELEASING = YES;
				CLANG_WARN_BOOL_CONVERSION = YES;
				CLANG_WARN_COMMA = YES;
				CLANG_WARN_CONSTANT_CONVERSION = YES;
				CLANG_WARN_DEPRECATED_OBJC_IMPLEMENTATIONS = YES;
				CLANG_WARN_DIRECT_OBJC_ISA_USAGE = YES_ERROR;
				CLANG_WARN_DOCUMENTATION_COMMENTS = YES;
				CLANG_WARN_EMPTY_BODY = YES;
				CLANG_WARN_ENUM_CONVERSION = YES;
				CLANG_WARN_INFINITE_RECURSION = YES;
				CLANG_WARN_INT_CONVERSION = YES;
				CLANG_WARN_NON_LITERAL_NULL_CONVERSION = YES;
				CLANG_WARN_OBJC_IMPLICIT_RETAIN_SELF = YES;
				CLANG_WARN_OBJC_LITERAL_CONVERSION = YES;
				CLANG_WARN_OBJC_ROOT_CLASS = YES_ERROR;
				CLANG_WARN_QUOTED_INCLUDE_IN_FRAMEWORK_HEADER = YES;
				CLANG_WARN_RANGE_LOOP_ANALYSIS = YES;
				CLANG_WARN_STRICT_PROTOTYPES = YES;
				CLANG_WARN_SUSPICIOUS_MOVE = YES;
				CLANG_WARN_UNGUARDED_AVAILABILITY = YES_AGGRESSIVE;
				CLANG_WARN_UNREACHABLE_CODE = YES;
				CLANG_WARN__DUPLICATE_METHOD_MATCH = YES;
				COPY_PHASE_STRIP = NO;
				DEBUG_INFORMATION_FORMAT = "dwarf-with-dsym";
				DEVELOPMENT_TEAM = X36HGBF94G;
				ENABLE_NS_ASSERTIONS = NO;
				ENABLE_STRICT_OBJC_MSGSEND = YES;
				ENABLE_USER_SCRIPT_SANDBOXING = YES;
				GCC_C_LANGUAGE_STANDARD = gnu17;
				GCC_NO_COMMON_BLOCKS = YES;
				GCC_WARN_64_TO_32_BIT_CONVERSION = YES;
				GCC_WARN_ABOUT_RETURN_TYPE = YES_ERROR;
				GCC_WARN_UNDECLARED_SELECTOR = YES;
				GCC_WARN_UNINITIALIZED_AUTOS = YES_AGGRESSIVE;
				GCC_WARN_UNUSED_FUNCTION = YES;
				GCC_WARN_UNUSED_VARIABLE = YES;
				IPHONEOS_DEPLOYMENT_TARGET = 18.5;
				LOCALIZATION_PREFERS_STRING_CATALOGS = YES;
				MTL_ENABLE_DEBUG_INFO = NO;
				MTL_FAST_MATH = YES;
				SDKROOT = iphoneos;
				SWIFT_COMPILATION_MODE = wholemodule;
				VALIDATE_PRODUCT = YES;
			};
			name = Release;
		};
		1BD64C5A2E29FCC10065F7F9 /* Debug */ = {
			isa = XCBuildConfiguration;
			buildSettings = {
				BUNDLE_LOADER = "$(TEST_HOST)";
				CODE_SIGN_STYLE = Automatic;
				CURRENT_PROJECT_VERSION = 1;
				DEVELOPMENT_TEAM = X36HGBF94G;
				GENERATE_INFOPLIST_FILE = YES;
				IPHONEOS_DEPLOYMENT_TARGET = 18.5;
				MARKETING_VERSION = 1.0;
				PRODUCT_BUNDLE_IDENTIFIER = "com.sagar.Segue-and-navigationTests";
				PRODUCT_NAME = "$(TARGET_NAME)";
				SWIFT_EMIT_LOC_STRINGS = NO;
				SWIFT_VERSION = 5.0;
				TARGETED_DEVICE_FAMILY = "1,2";
				TEST_HOST = "$(BUILT_PRODUCTS_DIR)/Segue_and_navigation.app/$(BUNDLE_EXECUTABLE_FOLDER_PATH)/Segue_and_navigation";
			};
			name = Debug;
		};
		1BD64C5B2E29FCC10065F7F9 /* Release */ = {
			isa = XCBuildConfiguration;
			buildSettings = {
				BUNDLE_LOADER = "$(TEST_HOST)";
				CODE_SIGN_STYLE = Automatic;
				CURRENT_PROJECT_VERSION = 1;
				DEVELOPMENT_TEAM = X36HGBF94G;
				GENERATE_INFOPLIST_FILE = YES;
				IPHONEOS_DEPLOYMENT_TARGET = 18.5;
				MARKETING_VERSION = 1.0;
				PRODUCT_BUNDLE_IDENTIFIER = "com.sagar.Segue-and-navigationTests";
				PRODUCT_NAME = "$(TARGET_NAME)";
				SWIFT_EMIT_LOC_STRINGS = NO;
				SWIFT_VERSION = 5.0;
				TARGETED_DEVICE_FAMILY = "1,2";
				TEST_HOST = "$(BUILT_PRODUCTS_DIR)/Segue_and_navigation.app/$(BUNDLE_EXECUTABLE_FOLDER_PATH)/Segue_and_navigation";
			};
			name = Release;
		};
		1BD64C5D2E29FCC10065F7F9 /* Debug */ = {
			isa = XCBuildConfiguration;
			buildSettings = {
				CODE_SIGN_STYLE = Automatic;
				CURRENT_PROJECT_VERSION = 1;
				DEVELOPMENT_TEAM = X36HGBF94G;
				GENERATE_INFOPLIST_FILE = YES;
				MARKETING_VERSION = 1.0;
				PRODUCT_BUNDLE_IDENTIFIER = "com.sagar.Segue-and-navigationUITests";
				PRODUCT_NAME = "$(TARGET_NAME)";
				SWIFT_EMIT_LOC_STRINGS = NO;
				SWIFT_VERSION = 5.0;
				TARGETED_DEVICE_FAMILY = "1,2";
				TEST_TARGET_NAME = Segue_and_navigation;
			};
			name = Debug;
		};
		1BD64C5E2E29FCC10065F7F9 /* Release */ = {
			isa = XCBuildConfiguration;
			buildSettings = {
				CODE_SIGN_STYLE = Automatic;
				CURRENT_PROJECT_VERSION = 1;
				DEVELOPMENT_TEAM = X36HGBF94G;
				GENERATE_INFOPLIST_FILE = YES;
				MARKETING_VERSION = 1.0;
				PRODUCT_BUNDLE_IDENTIFIER = "com.sagar.Segue-and-navigationUITests";
				PRODUCT_NAME = "$(TARGET_NAME)";
				SWIFT_EMIT_LOC_STRINGS = NO;
				SWIFT_VERSION = 5.0;
				TARGETED_DEVICE_FAMILY = "1,2";
				TEST_TARGET_NAME = Segue_and_navigation;
			};
			name = Release;
		};
/* End XCBuildConfiguration section */

/* Begin XCConfigurationList section */
		1BD64C262E29FCC10065F7F9 /* Build configuration list for PBXProject "Segue_and_navigation" */ = {
			isa = XCConfigurationList;
			buildConfigurations = (
				1BD64C572E29FCC10065F7F9 /* Debug */,
				1BD64C582E29FCC10065F7F9 /* Release */,
			);
			defaultConfigurationIsVisible = 0;
			defaultConfigurationName = Release;
		};
		1BD64C542E29FCC10065F7F9 /* Build configuration list for PBXNativeTarget "Segue_and_navigation" */ = {
			isa = XCConfigurationList;
			buildConfigurations = (
				1BD64C552E29FCC10065F7F9 /* Debug */,
				1BD64C562E29FCC10065F7F9 /* Release */,
			);
			defaultConfigurationIsVisible = 0;
			defaultConfigurationName = Release;
		};
		1BD64C592E29FCC10065F7F9 /* Build configuration list for PBXNativeTarget "Segue_and_navigationTests" */ = {
			isa = XCConfigurationList;
			buildConfigurations = (
				1BD64C5A2E29FCC10065F7F9 /* Debug */,
				1BD64C5B2E29FCC10065F7F9 /* Release */,
			);
			defaultConfigurationIsVisible = 0;
			defaultConfigurationName = Release;
		};
		1BD64C5C2E29FCC10065F7F9 /* Build configuration list for PBXNativeTarget "Segue_and_navigationUITests" */ = {
			isa = XCConfigurationList;
			buildConfigurations = (
				1BD64C5D2E29FCC10065F7F9 /* Debug */,
				1BD64C5E2E29FCC10065F7F9 /* Release */,
			);
			defaultConfigurationIsVisible = 0;
			defaultConfigurationName = Release;
		};
/* End XCConfigurationList section */
	};
	rootObject = 1BD64C232E29FCC10065F7F9 /* Project object */;
}
